
Microsoft Visual Studio Solution File, Format Version 12.00
# Visual Studio Version 17
VisualStudioVersion = 17.2.32519.379
MinimumVisualStudioVersion = 10.0.40219.1
Project("{FAE04EC0-301F-11D3-BF4B-00C04F79EFBC}") = "MBCTrader", "MBCTrader.csproj", "{11661C8D-BCDB-42D5-9DBF-A7D4F19C170B}"
EndProject
Global
	GlobalSection(SolutionConfigurationPlatforms) = preSolution
		Debug|Any CPU = Debug|Any CPU
		Release|Any CPU = Release|Any CPU
	EndGlobalSection
	GlobalSection(ProjectConfigurationPlatforms) = postSolution
		{11661C8D-BCDB-42D5-9DBF-A7D4F19C170B}.Debug|Any CPU.ActiveCfg = Debug|Any CPU
		{11661C8D-BCDB-42D5-9DBF-A7D4F19C170B}.Debug|Any CPU.Build.0 = Debug|Any CPU
		{11661C8D-BCDB-42D5-9DBF-A7D4F19C170B}.Release|Any CPU.ActiveCfg = Release|Any CPU
		{11661C8D-BCDB-42D5-9DBF-A7D4F19C170B}.Release|Any CPU.Build.0 = Release|Any CPU
	EndGlobalSection
	GlobalSection(SolutionProperties) = preSolution
		HideSolutionNode = FALSE
	EndGlobalSection
	GlobalSection(ExtensibilityGlobals) = postSolution
		SolutionGuid = {4565998F-34B5-42CD-A4C1-C0226367C0A4}
	EndGlobalSection
EndGlobal
